dependencies:
  espressif/esp_codec_dev:
    component_hash: 383e46ad732c80a475337ad566d70c896c841ca5945d5c077962cb92f948d386
    dependencies:
    - name: idf
      require: private
      version: '>=4.0'
    source:
      registry_url: https://components.espressif.com/
      type: service
    version: 1.5.2
  espressif/led_strip:
    component_hash: f0d1b7f93eb3ee57bcfd220656176b0b5616e1947f89ed44364555cf910c4840
    dependencies:
    - name: idf
      require: private
      version: '>=5.0'
    source:
      registry_url: https://components.espressif.com/
      type: service
    version: 3.0.2
  idf:
    source:
      type: idf
    version: 6.0.0
  lvgl/lvgl:
    component_hash: 2409fdc84e9766d2a18afd84b051aef3f838348136cdb1c10ac2e8bcdb012bf6
    dependencies: []
    source:
      registry_url: https://components.espressif.com/
      type: service
    version: 9.2.0
direct_dependencies:
- espressif/esp_codec_dev
- espressif/led_strip
- lvgl/lvgl
manifest_hash: 4301c9569fc7d0a868249d78740595b05c0f372264094b03a859bca94c03f4f0
target: esp32s3
version: 2.0.0
